
Microsoft Visual Studio Solution File, Format Version 12.00
# Visual Studio Version 16
VisualStudioVersion = 16.0.32106.194
MinimumVisualStudioVersion = 10.0.40219.1
Project("{FAE04EC0-301F-11D3-BF4B-00C04F79EFBC}") = "RumboSGA", "RumboSGA.csproj", "{AA5EE0D0-E37B-4C5A-889B-8D15C41934C1}"
EndProject
Project("{FAE04EC0-301F-11D3-BF4B-00C04F79EFBC}") = "RumboSGAManager", "..\RumboSGAManager\RumboSGAManager.csproj", "{CE6D72FA-CD84-4596-BF55-130F2ECD2ECB}"
EndProject
Project("{54435603-DBB4-11D2-8724-00A0C9A8B90C}") = "Setup", "..\Setup\Setup.vdproj", "{976AC374-2DBB-40AD-8F5C-754000529646}"
EndProject
Project("{FAE04EC0-301F-11D3-BF4B-00C04F79EFBC}") = "CalsificacionEntrada", "..\..\ClasificacionEntradas\CalsificacionEntrada\CalsificacionEntrada.csproj", "{85A90BA3-D99B-4680-81E1-0AB010B782EE}"
EndProject
Global
	GlobalSection(SolutionConfigurationPlatforms) = preSolution
		Debug|Any CPU = Debug|Any CPU
		Release|Any CPU = Release|Any CPU
	EndGlobalSection
	GlobalSection(ProjectConfigurationPlatforms) = postSolution
		{AA5EE0D0-E37B-4C5A-889B-8D15C41934C1}.Debug|Any CPU.ActiveCfg = Debug|Any CPU
		{AA5EE0D0-E37B-4C5A-889B-8D15C41934C1}.Debug|Any CPU.Build.0 = Debug|Any CPU
		{AA5EE0D0-E37B-4C5A-889B-8D15C41934C1}.Release|Any CPU.ActiveCfg = Release|Any CPU
		{AA5EE0D0-E37B-4C5A-889B-8D15C41934C1}.Release|Any CPU.Build.0 = Release|Any CPU
		{CE6D72FA-CD84-4596-BF55-130F2ECD2ECB}.Debug|Any CPU.ActiveCfg = Debug|Any CPU
		{CE6D72FA-CD84-4596-BF55-130F2ECD2ECB}.Debug|Any CPU.Build.0 = Debug|Any CPU
		{CE6D72FA-CD84-4596-BF55-130F2ECD2ECB}.Release|Any CPU.ActiveCfg = Release|Any CPU
		{CE6D72FA-CD84-4596-BF55-130F2ECD2ECB}.Release|Any CPU.Build.0 = Release|Any CPU
		{976AC374-2DBB-40AD-8F5C-754000529646}.Debug|Any CPU.ActiveCfg = Debug
		{976AC374-2DBB-40AD-8F5C-754000529646}.Debug|Any CPU.Build.0 = Debug
		{976AC374-2DBB-40AD-8F5C-754000529646}.Release|Any CPU.ActiveCfg = Release
		{976AC374-2DBB-40AD-8F5C-754000529646}.Release|Any CPU.Build.0 = Release
		{85A90BA3-D99B-4680-81E1-0AB010B782EE}.Debug|Any CPU.ActiveCfg = Debug|Any CPU
		{85A90BA3-D99B-4680-81E1-0AB010B782EE}.Debug|Any CPU.Build.0 = Debug|Any CPU
		{85A90BA3-D99B-4680-81E1-0AB010B782EE}.Release|Any CPU.ActiveCfg = Release|Any CPU
		{85A90BA3-D99B-4680-81E1-0AB010B782EE}.Release|Any CPU.Build.0 = Release|Any CPU
	EndGlobalSection
	GlobalSection(SolutionProperties) = preSolution
		HideSolutionNode = FALSE
	EndGlobalSection
	GlobalSection(ExtensibilityGlobals) = postSolution
		SolutionGuid = {44081368-51A5-4A01-A634-BA38EC6D4E86}
	EndGlobalSection
EndGlobal
